// !$*UTF8*$!
{
	archiveVersion = 1;
	classes = {
	};
	objectVersion = 48;
	objects = {

/* Begin PBXBuildFile section */
		3EA61E8621995E8B004E802F /* AppDelegate.m in Sources */ = {isa = PBXBuildFile; fileRef = 3EA61E8521995E8B004E802F /* AppDelegate.m */; };
		3EA61E8921995E8B004E802F /* ViewController.m in Sources */ = {isa = PBXBuildFile; fileRef = 3EA61E8821995E8B004E802F /* ViewController.m */; };
		3EA61E8C21995E8B004E802F /* Main.storyboard in Resources */ = {isa = PBXBuildFile; fileRef = 3EA61E8A21995E8B004E802F /* Main.storyboard */; };
		3EA61E8E21995E8B004E802F /* Assets.xcassets in Resources */ = {isa = PBXBuildFile; fileRef = 3EA61E8D21995E8B004E802F /* Assets.xcassets */; };
		3EA61E9121995E8B004E802F /* LaunchScreen.storyboard in Resources */ = {isa = PBXBuildFile; fileRef = 3EA61E8F21995E8B004E802F /* LaunchScreen.storyboard */; };
		3EA61E9421995E8B004E802F /* main.m in Sources */ = {isa = PBXBuildFile; fileRef = 3EA61E9321995E8B004E802F /* main.m */; };
		3EA61E9E21995E8B004E802F /* RedPacketRainTests.m in Sources */ = {isa = PBXBuildFile; fileRef = 3EA61E9D21995E8B004E802F /* RedPacketRainTests.m */; };
		3EA61EA921995E8B004E802F /* RedPacketRainUITests.m in Sources */ = {isa = PBXBuildFile; fileRef = 3EA61EA821995E8B004E802F /* RedPacketRainUITests.m */; };
		3EA61EBB21995ED9004E802F /* SSYRedpacketDJSView.m in Sources */ = {isa = PBXBuildFile; fileRef = 3EA61EB921995ED8004E802F /* SSYRedpacketDJSView.m */; };
/* End PBXBuildFile section */

/* Begin PBXContainerItemProxy section */
		3EA61E9A21995E8B004E802F /* PBXContainerItemProxy */ = {
			isa = PBXContainerItemProxy;
			containerPortal = 3EA61E7921995E8B004E802F /* Project object */;
			proxyType = 1;
			remoteGlobalIDString = 3EA61E8021995E8B004E802F;
			remoteInfo = RedPacketRain;
		};
		3EA61EA521995E8B004E802F /* PBXContainerItemProxy */ = {
			isa = PBXContainerItemProxy;
			containerPortal = 3EA61E7921995E8B004E802F /* Project object */;
			proxyType = 1;
			remoteGlobalIDString = 3EA61E8021995E8B004E802F;
			remoteInfo = RedPacketRain;
		};
/* End PBXContainerItemProxy section */

/* Begin PBXFileReference section */
		3EA61E8121995E8B004E802F /* RedPacketRain.app */ = {isa = PBXFileReference; explicitFileType = wrapper.application; includeInIndex = 0; path = RedPacketRain.app; sourceTree = BUILT_PRODUCTS_DIR; };
		3EA61E8421995E8B004E802F /* AppDelegate.h */ = {isa = PBXFileReference; lastKnownFileType = sourcecode.c.h; path = AppDelegate.h; sourceTree = "<group>"; };
		3EA61E8521995E8B004E802F /* AppDelegate.m */ = {isa = PBXFileReference; lastKnownFileType = sourcecode.c.objc; path = AppDelegate.m; sourceTree = "<group>"; };
		3EA61E8721995E8B004E802F /* ViewController.h */ = {isa = PBXFileReference; lastKnownFileType = sourcecode.c.h; path = ViewController.h; sourceTree = "<group>"; };
		3EA61E8821995E8B004E802F /* ViewController.m */ = {isa = PBXFileReference; lastKnownFileType = sourcecode.c.objc; path = ViewController.m; sourceTree = "<group>"; };
		3EA61E8B21995E8B004E802F /* Base */ = {isa = PBXFileReference; lastKnownFileType = file.storyboard; name = Base; path = Base.lproj/Main.storyboard; sourceTree = "<group>"; };
		3EA61E8D21995E8B004E802F /* Assets.xcassets */ = {isa = PBXFileReference; lastKnownFileType = folder.assetcatalog; path = Assets.xcassets; sourceTree = "<group>"; };
		3EA61E9021995E8B004E802F /* Base */ = {isa = PBXFileReference; lastKnownFileType = file.storyboard; name = Base; path = Base.lproj/LaunchScreen.storyboard; sourceTree = "<group>"; };
		3EA61E9221995E8B004E802F /* Info.plist */ = {isa = PBXFileReference; lastKnownFileType = text.plist.xml; path = Info.plist; sourceTree = "<group>"; };
		3EA61E9321995E8B004E802F /* main.m */ = {isa = PBXFileReference; lastKnownFileType = sourcecode.c.objc; path = main.m; sourceTree = "<group>"; };
		3EA61E9921995E8B004E802F /* RedPacketRainTests.xctest */ = {isa = PBXFileReference; explicitFileType = wrapper.cfbundle; includeInIndex = 0; path = RedPacketRainTests.xctest; sourceTree = BUILT_PRODUCTS_DIR; };
		3EA61E9D21995E8B004E802F /* RedPacketRainTests.m */ = {isa = PBXFileReference; lastKnownFileType = sourcecode.c.objc; path = RedPacketRainTests.m; sourceTree = "<group>"; };
		3EA61E9F21995E8B004E802F /* Info.plist */ = {isa = PBXFileReference; lastKnownFileType = text.plist.xml; path = Info.plist; sourceTree = "<group>"; };
		3EA61EA421995E8B004E802F /* RedPacketRainUITests.xctest */ = {isa = PBXFileReference; explicitFileType = wrapper.cfbundle; includeInIndex = 0; path = RedPacketRainUITests.xctest; sourceTree = BUILT_PRODUCTS_DIR; };
		3EA61EA821995E8B004E802F /* RedPacketRainUITests.m */ = {isa = PBXFileReference; lastKnownFileType = sourcecode.c.objc; path = RedPacketRainUITests.m; sourceTree = "<group>"; };
		3EA61EAA21995E8B004E802F /* Info.plist */ = {isa = PBXFileReference; lastKnownFileType = text.plist.xml; path = Info.plist; sourceTree = "<group>"; };
		3EA61EB721995ED8004E802F /* SSYRedpacketDJSView.h */ = {isa = PBXFileReference; fileEncoding = 4; lastKnownFileType = sourcecode.c.h; path = SSYRedpacketDJSView.h; sourceTree = "<group>"; };
		3EA61EB921995ED8004E802F /* SSYRedpacketDJSView.m */ = {isa = PBXFileReference; fileEncoding = 4; lastKnownFileType = sourcecode.c.objc; path = SSYRedpacketDJSView.m; sourceTree = "<group>"; };
/* End PBXFileReference section */

/* Begin PBXFrameworksBuildPhase section */
		3EA61E7E21995E8B004E802F /* Frameworks */ = {
			isa = PBXFrameworksBuildPhase;
			buildActionMask = 2147483647;
			files = (
			);
			runOnlyForDeploymentPostprocessing = 0;
		};
		3EA61E9621995E8B004E802F /* Frameworks */ = {
			isa = PBXFrameworksBuildPhase;
			buildActionMask = 2147483647;
			files = (
			);
			runOnlyForDeploymentPostprocessing = 0;
		};
		3EA61EA121995E8B004E802F /* Frameworks */ = {
			isa = PBXFrameworksBuildPhase;
			buildActionMask = 2147483647;
			files = (
			);
			runOnlyForDeploymentPostprocessing = 0;
		};
/* End PBXFrameworksBuildPhase section */

/* Begin PBXGroup section */
		3EA61E7821995E8B004E802F = {
			isa = PBXGroup;
			children = (
				3EA61E8321995E8B004E802F /* RedPacketRain */,
				3EA61E9C21995E8B004E802F /* RedPacketRainTests */,
				3EA61EA721995E8B004E802F /* RedPacketRainUITests */,
				3EA61E8221995E8B004E802F /* Products */,
			);
			sourceTree = "<group>";
		};
		3EA61E8221995E8B004E802F /* Products */ = {
			isa = PBXGroup;
			children = (
				3EA61E8121995E8B004E802F /* RedPacketRain.app */,
				3EA61E9921995E8B004E802F /* RedPacketRainTests.xctest */,
				3EA61EA421995E8B004E802F /* RedPacketRainUITests.xctest */,
			);
			name = Products;
			sourceTree = "<group>";
		};
		3EA61E8321995E8B004E802F /* RedPacketRain */ = {
			isa = PBXGroup;
			children = (
				3EA61EB621995ED8004E802F /* RedPacketRain */,
				3EA61E8421995E8B004E802F /* AppDelegate.h */,
				3EA61E8521995E8B004E802F /* AppDelegate.m */,
				3EA61E8721995E8B004E802F /* ViewController.h */,
				3EA61E8821995E8B004E802F /* ViewController.m */,
				3EA61E8A21995E8B004E802F /* Main.storyboard */,
				3EA61E8D21995E8B004E802F /* Assets.xcassets */,
				3EA61E8F21995E8B004E802F /* LaunchScreen.storyboard */,
				3EA61E9221995E8B004E802F /* Info.plist */,
				3EA61E9321995E8B004E802F /* main.m */,
			);
			path = RedPacketRain;
			sourceTree = "<group>";
		};
		3EA61E9C21995E8B004E802F /* RedPacketRainTests */ = {
			isa = PBXGroup;
			children = (
				3EA61E9D21995E8B004E802F /* RedPacketRainTests.m */,
				3EA61E9F21995E8B004E802F /* Info.plist */,
			);
			path = RedPacketRainTests;
			sourceTree = "<group>";
		};
		3EA61EA721995E8B004E802F /* RedPacketRainUITests */ = {
			isa = PBXGroup;
			children = (
				3EA61EA821995E8B004E802F /* RedPacketRainUITests.m */,
				3EA61EAA21995E8B004E802F /* Info.plist */,
			);
			path = RedPacketRainUITests;
			sourceTree = "<group>";
		};
		3EA61EB621995ED8004E802F /* RedPacketRain */ = {
			isa = PBXGroup;
			children = (
				3EA61EB721995ED8004E802F /* SSYRedpacketDJSView.h */,
				3EA61EB921995ED8004E802F /* SSYRedpacketDJSView.m */,
			);
			path = RedPacketRain;
			sourceTree = "<group>";
		};
/* End PBXGroup section */

/* Begin PBXNativeTarget section */
		3EA61E8021995E8B004E802F /* RedPacketRain */ = {
			isa = PBXNativeTarget;
			buildConfigurationList = 3EA61EAD21995E8B004E802F /* Build configuration list for PBXNativeTarget "RedPacketRain" */;
			buildPhases = (
				3EA61E7D21995E8B004E802F /* Sources */,
				3EA61E7E21995E8B004E802F /* Frameworks */,
				3EA61E7F21995E8B004E802F /* Resources */,
			);
			buildRules = (
			);
			dependencies = (
			);
			name = RedPacketRain;
			productName = RedPacketRain;
			productReference = 3EA61E8121995E8B004E802F /* RedPacketRain.app */;
			productType = "com.apple.product-type.application";
		};
		3EA61E9821995E8B004E802F /* RedPacketRainTests */ = {
			isa = PBXNativeTarget;
			buildConfigurationList = 3EA61EB021995E8B004E802F /* Build configuration list for PBXNativeTarget "RedPacketRainTests" */;
			buildPhases = (
				3EA61E9521995E8B004E802F /* Sources */,
				3EA61E9621995E8B004E802F /* Frameworks */,
				3EA61E9721995E8B004E802F /* Resources */,
			);
			buildRules = (
			);
			dependencies = (
				3EA61E9B21995E8B004E802F /* PBXTargetDependency */,
			);
			name = RedPacketRainTests;
			productName = RedPacketRainTests;
			productReference = 3EA61E9921995E8B004E802F /* RedPacketRainTests.xctest */;
			productType = "com.apple.product-type.bundle.unit-test";
		};
		3EA61EA321995E8B004E802F /* RedPacketRainUITests */ = {
			isa = PBXNativeTarget;
			buildConfigurationList = 3EA61EB321995E8B004E802F /* Build configuration list for PBXNativeTarget "RedPacketRainUITests" */;
			buildPhases = (
				3EA61EA021995E8B004E802F /* Sources */,
				3EA61EA121995E8B004E802F /* Frameworks */,
				3EA61EA221995E8B004E802F /* Resources */,
			);
			buildRules = (
			);
			dependencies = (
				3EA61EA621995E8B004E802F /* PBXTargetDependency */,
			);
			name = RedPacketRainUITests;
			productName = RedPacketRainUITests;
			productReference = 3EA61EA421995E8B004E802F /* RedPacketRainUITests.xctest */;
			productType = "com.apple.product-type.bundle.ui-testing";
		};
/* End PBXNativeTarget section */

/* Begin PBXProject section */
		3EA61E7921995E8B004E802F /* Project object */ = {
			isa = PBXProject;
			attributes = {
				LastUpgradeCheck = 0920;
				ORGANIZATIONNAME = public;
				TargetAttributes = {
					3EA61E8021995E8B004E802F = {
						CreatedOnToolsVersion = 9.2;
						ProvisioningStyle = Automatic;
					};
					3EA61E9821995E8B004E802F = {
						CreatedOnToolsVersion = 9.2;
						ProvisioningStyle = Automatic;
						TestTargetID = 3EA61E8021995E8B004E802F;
					};
					3EA61EA321995E8B004E802F = {
						CreatedOnToolsVersion = 9.2;
						ProvisioningStyle = Automatic;
						TestTargetID = 3EA61E8021995E8B004E802F;
					};
				};
			};
			buildConfigurationList = 3EA61E7C21995E8B004E802F /* Build configuration list for PBXProject "RedPacketRain" */;
			compatibilityVersion = "Xcode 8.0";
			developmentRegion = en;
			hasScannedForEncodings = 0;
			knownRegions = (
				en,
				Base,
			);
			mainGroup = 3EA61E7821995E8B004E802F;
			productRefGroup = 3EA61E8221995E8B004E802F /* Products */;
			projectDirPath = "";
			projectRoot = "";
			targets = (
				3EA61E8021995E8B004E802F /* RedPacketRain */,
				3EA61E9821995E8B004E802F /* RedPacketRainTests */,
				3EA61EA321995E8B004E802F /* RedPacketRainUITests */,
			);
		};
/* End PBXProject section */

/* Begin PBXResourcesBuildPhase section */
		3EA61E7F21995E8B004E802F /* Resources */ = {
			isa = PBXResourcesBuildPhase;
			buildActionMask = 2147483647;
			files = (
				3EA61E9121995E8B004E802F /* LaunchScreen.storyboard in Resources */,
				3EA61E8E21995E8B004E802F /* Assets.xcassets in Resources */,
				3EA61E8C21995E8B004E802F /* Main.storyboard in Resources */,
			);
			runOnlyForDeploymentPostprocessing = 0;
		};
		3EA61E9721995E8B004E802F /* Resources */ = {
			isa = PBXResourcesBuildPhase;
			buildActionMask = 2147483647;
			files = (
			);
			runOnlyForDeploymentPostprocessing = 0;
		};
		3EA61EA221995E8B004E802F /* Resources */ = {
			isa = PBXResourcesBuildPhase;
			buildActionMask = 2147483647;
			files = (
			);
			runOnlyForDeploymentPostprocessing = 0;
		};
/* End PBXResourcesBuildPhase section */

/* Begin PBXSourcesBuildPhase section */
		3EA61E7D21995E8B004E802F /* Sources */ = {
			isa = PBXSourcesBuildPhase;
			buildActionMask = 2147483647;
			files = (
				3EA61E8921995E8B004E802F /* ViewController.m in Sources */,
				3EA61E9421995E8B004E802F /* main.m in Sources */,
				3EA61EBB21995ED9004E802F /* SSYRedpacketDJSView.m in Sources */,
				3EA61E8621995E8B004E802F /* AppDelegate.m in Sources */,
			);
			runOnlyForDeploymentPostprocessing = 0;
		};
		3EA61E9521995E8B004E802F /* Sources */ = {
			isa = PBXSourcesBuildPhase;
			buildActionMask = 2147483647;
			files = (
				3EA61E9E21995E8B004E802F /* RedPacketRainTests.m in Sources */,
			);
			runOnlyForDeploymentPostprocessing = 0;
		};
		3EA61EA021995E8B004E802F /* Sources */ = {
			isa = PBXSourcesBuildPhase;
			buildActionMask = 2147483647;
			files = (
				3EA61EA921995E8B004E802F /* RedPacketRainUITests.m in Sources */,
			);
			runOnlyForDeploymentPostprocessing = 0;
		};
/* End PBXSourcesBuildPhase section */

/* Begin PBXTargetDependency section */
		3EA61E9B21995E8B004E802F /* PBXTargetDependency */ = {
			isa = PBXTargetDependency;
			target = 3EA61E8021995E8B004E802F /* RedPacketRain */;
			targetProxy = 3EA61E9A21995E8B004E802F /* PBXContainerItemProxy */;
		};
		3EA61EA621995E8B004E802F /* PBXTargetDependency */ = {
			isa = PBXTargetDependency;
			target = 3EA61E8021995E8B004E802F /* RedPacketRain */;
			targetProxy = 3EA61EA521995E8B004E802F /* PBXContainerItemProxy */;
		};
/* End PBXTargetDependency section */

/* Begin PBXVariantGroup section */
		3EA61E8A21995E8B004E802F /* Main.storyboard */ = {
			isa = PBXVariantGroup;
			children = (
				3EA61E8B21995E8B004E802F /* Base */,
			);
			name = Main.storyboard;
			sourceTree = "<group>";
		};
		3EA61E8F21995E8B004E802F /* LaunchScreen.storyboard */ = {
			isa = PBXVariantGroup;
			children = (
				3EA61E9021995E8B004E802F /* Base */,
			);
			name = LaunchScreen.storyboard;
			sourceTree = "<group>";
		};
/* End PBXVariantGroup section */

/* Begin XCBuildConfiguration section */
		3EA61EAB21995E8B004E802F /* Debug */ = {
			isa = XCBuildConfiguration;
			buildSettings = {
				ALWAYS_SEARCH_USER_PATHS = NO;
				CLANG_ANALYZER_NONNULL = YES;
				CLANG_ANALYZER_NUMBER_OBJECT_CONVERSION = YES_AGGRESSIVE;
				CLANG_CXX_LANGUAGE_STANDARD = "gnu++14";
				CLANG_CXX_LIBRARY = "libc++";
				CLANG_ENABLE_MODULES = YES;
				CLANG_ENABLE_OBJC_ARC = YES;
				CLANG_WARN_BLOCK_CAPTURE_AUTORELEASING = YES;
				CLANG_WARN_BOOL_CONVERSION = YES;
				CLANG_WARN_COMMA = YES;
				CLANG_WARN_CONSTANT_CONVERSION = YES;
				CLANG_WARN_DIRECT_OBJC_ISA_USAGE = YES_ERROR;
				CLANG_WARN_DOCUMENTATION_COMMENTS = YES;
				CLANG_WARN_EMPTY_BODY = YES;
				CLANG_WARN_ENUM_CONVERSION = YES;
				CLANG_WARN_INFINITE_RECURSION = YES;
				CLANG_WARN_INT_CONVERSION = YES;
				CLANG_WARN_NON_LITERAL_NULL_CONVERSION = YES;
				CLANG_WARN_OBJC_LITERAL_CONVERSION = YES;
				CLANG_WARN_OBJC_ROOT_CLASS = YES_ERROR;
				CLANG_WARN_RANGE_LOOP_ANALYSIS = YES;
				CLANG_WARN_STRICT_PROTOTYPES = YES;
				CLANG_WARN_SUSPICIOUS_MOVE = YES;
				CLANG_WARN_UNGUARDED_AVAILABILITY = YES_AGGRESSIVE;
				CLANG_WARN_UNREACHABLE_CODE = YES;
				CLANG_WARN__DUPLICATE_METHOD_MATCH = YES;
				CODE_SIGN_IDENTITY = "iPhone Developer";
				COPY_PHASE_STRIP = NO;
				DEBUG_INFORMATION_FORMAT = dwarf;
				ENABLE_STRICT_OBJC_MSGSEND = YES;
				ENABLE_TESTABILITY = YES;
				GCC_C_LANGUAGE_STANDARD = gnu11;
				GCC_DYNAMIC_NO_PIC = NO;
				GCC_NO_COMMON_BLOCKS = YES;
				GCC_OPTIMIZATION_LEVEL = 0;
				GCC_PREPROCESSOR_DEFINITIONS = (
					"DEBUG=1",
					"$(inherited)",
				);
				GCC_WARN_64_TO_32_BIT_CONVERSION = YES;
				GCC_WARN_ABOUT_RETURN_TYPE = YES_ERROR;
				GCC_WARN_UNDECLARED_SELECTOR = YES;
				GCC_WARN_UNINITIALIZED_AUTOS = YES_AGGRESSIVE;
				GCC_WARN_UNUSED_FUNCTION = YES;
				GCC_WARN_UNUSED_VARIABLE = YES;
				IPHONEOS_DEPLOYMENT_TARGET = 11.2;
				MTL_ENABLE_DEBUG_INFO = YES;
				ONLY_ACTIVE_ARCH = YES;
				SDKROOT = iphoneos;
			};
			name = Debug;
		};
		3EA61EAC21995E8B004E802F /* Release */ = {
			isa = XCBuildConfiguration;
			buildSettings = {
				ALWAYS_SEARCH_USER_PATHS = NO;
				CLANG_ANALYZER_NONNULL = YES;
				CLANG_ANALYZER_NUMBER_OBJECT_CONVERSION = YES_AGGRESSIVE;
				CLANG_CXX_LANGUAGE_STANDARD = "gnu++14";
				CLANG_CXX_LIBRARY = "libc++";
				CLANG_ENABLE_MODULES = YES;
				CLANG_ENABLE_OBJC_ARC = YES;
				CLANG_WARN_BLOCK_CAPTURE_AUTORELEASING = YES;
				CLANG_WARN_BOOL_CONVERSION = YES;
				CLANG_WARN_COMMA = YES;
				CLANG_WARN_CONSTANT_CONVERSION = YES;
				CLANG_WARN_DIRECT_OBJC_ISA_USAGE = YES_ERROR;
				CLANG_WARN_DOCUMENTATION_COMMENTS = YES;
				CLANG_WARN_EMPTY_BODY = YES;
				CLANG_WARN_ENUM_CONVERSION = YES;
				CLANG_WARN_INFINITE_RECURSION = YES;
				CLANG_WARN_INT_CONVERSION = YES;
				CLANG_WARN_NON_LITERAL_NULL_CONVERSION = YES;
				CLANG_WARN_OBJC_LITERAL_CONVERSION = YES;
				CLANG_WARN_OBJC_ROOT_CLASS = YES_ERROR;
				CLANG_WARN_RANGE_LOOP_ANALYSIS = YES;
				CLANG_WARN_STRICT_PROTOTYPES = YES;
				CLANG_WARN_SUSPICIOUS_MOVE = YES;
				CLANG_WARN_UNGUARDED_AVAILABILITY = YES_AGGRESSIVE;
				CLANG_WARN_UNREACHABLE_CODE = YES;
				CLANG_WARN__DUPLICATE_METHOD_MATCH = YES;
				CODE_SIGN_IDENTITY = "iPhone Developer";
				COPY_PHASE_STRIP = NO;
				DEBUG_INFORMATION_FORMAT = "dwarf-with-dsym";
				ENABLE_NS_ASSERTIONS = NO;
				ENABLE_STRICT_OBJC_MSGSEND = YES;
				GCC_C_LANGUAGE_STANDARD = gnu11;
				GCC_NO_COMMON_BLOCKS = YES;
				GCC_WARN_64_TO_32_BIT_CONVERSION = YES;
				GCC_WARN_ABOUT_RETURN_TYPE = YES_ERROR;
				GCC_WARN_UNDECLARED_SELECTOR = YES;
				GCC_WARN_UNINITIALIZED_AUTOS = YES_AGGRESSIVE;
				GCC_WARN_UNUSED_FUNCTION = YES;
				GCC_WARN_UNUSED_VARIABLE = YES;
				IPHONEOS_DEPLOYMENT_TARGET = 11.2;
				MTL_ENABLE_DEBUG_INFO = NO;
				SDKROOT = iphoneos;
				VALIDATE_PRODUCT = YES;
			};
			name = Release;
		};
		3EA61EAE21995E8B004E802F /* Debug */ = {
			isa = XCBuildConfiguration;
			buildSettings = {
				ASSETCATALOG_COMPILER_APPICON_NAME = AppIcon;
				CODE_SIGN_STYLE = Automatic;
				DEVELOPMENT_TEAM = "";
				INFOPLIST_FILE = RedPacketRain/Info.plist;
				LD_RUNPATH_SEARCH_PATHS = "$(inherited) @executable_path/Frameworks";
				PRODUCT_BUNDLE_IDENTIFIER = com.hlw.RedPacketRain;
				PRODUCT_NAME = "$(TARGET_NAME)";
				TARGETED_DEVICE_FAMILY = "1,2";
			};
			name = Debug;
		};
		3EA61EAF21995E8B004E802F /* Release */ = {
			isa = XCBuildConfiguration;
			buildSettings = {
				ASSETCATALOG_COMPILER_APPICON_NAME = AppIcon;
				CODE_SIGN_STYLE = Automatic;
				DEVELOPMENT_TEAM = "";
				INFOPLIST_FILE = RedPacketRain/Info.plist;
				LD_RUNPATH_SEARCH_PATHS = "$(inherited) @executable_path/Frameworks";
				PRODUCT_BUNDLE_IDENTIFIER = com.hlw.RedPacketRain;
				PRODUCT_NAME = "$(TARGET_NAME)";
				TARGETED_DEVICE_FAMILY = "1,2";
			};
			name = Release;
		};
		3EA61EB121995E8B004E802F /* Debug */ = {
			isa = XCBuildConfiguration;
			buildSettings = {
				BUNDLE_LOADER = "$(TEST_HOST)";
				CODE_SIGN_STYLE = Automatic;
				DEVELOPMENT_TEAM = 695EJ3ZM93;
				INFOPLIST_FILE = RedPacketRainTests/Info.plist;
				LD_RUNPATH_SEARCH_PATHS = "$(inherited) @executable_path/Frameworks @loader_path/Frameworks";
				PRODUCT_BUNDLE_IDENTIFIER = com.hlw.RedPacketRainTests;
				PRODUCT_NAME = "$(TARGET_NAME)";
				TARGETED_DEVICE_FAMILY = "1,2";
				TEST_HOST = "$(BUILT_PRODUCTS_DIR)/RedPacketRain.app/RedPacketRain";
			};
			name = Debug;
		};
		3EA61EB221995E8B004E802F /* Release */ = {
			isa = XCBuildConfiguration;
			buildSettings = {
				BUNDLE_LOADER = "$(TEST_HOST)";
				CODE_SIGN_STYLE = Automatic;
				DEVELOPMENT_TEAM = 695EJ3ZM93;
				INFOPLIST_FILE = RedPacketRainTests/Info.plist;
				LD_RUNPATH_SEARCH_PATHS = "$(inherited) @executable_path/Frameworks @loader_path/Frameworks";
				PRODUCT_BUNDLE_IDENTIFIER = com.hlw.RedPacketRainTests;
				PRODUCT_NAME = "$(TARGET_NAME)";
				TARGETED_DEVICE_FAMILY = "1,2";
				TEST_HOST = "$(BUILT_PRODUCTS_DIR)/RedPacketRain.app/RedPacketRain";
			};
			name = Release;
		};
		3EA61EB421995E8B004E802F /* Debug */ = {
			isa = XCBuildConfiguration;
			buildSettings = {
				CODE_SIGN_STYLE = Automatic;
				DEVELOPMENT_TEAM = 695EJ3ZM93;
				INFOPLIST_FILE = RedPacketRainUITests/Info.plist;
				LD_RUNPATH_SEARCH_PATHS = "$(inherited) @executable_path/Frameworks @loader_path/Frameworks";
				PRODUCT_BUNDLE_IDENTIFIER = com.hlw.RedPacketRainUITests;
				PRODUCT_NAME = "$(TARGET_NAME)";
				TARGETED_DEVICE_FAMILY = "1,2";
				TEST_TARGET_NAME = RedPacketRain;
			};
			name = Debug;
		};
		3EA61EB521995E8B004E802F /* Release */ = {
			isa = XCBuildConfiguration;
			buildSettings = {
				CODE_SIGN_STYLE = Automatic;
				DEVELOPMENT_TEAM = 695EJ3ZM93;
				INFOPLIST_FILE = RedPacketRainUITests/Info.plist;
				LD_RUNPATH_SEARCH_PATHS = "$(inherited) @executable_path/Frameworks @loader_path/Frameworks";
				PRODUCT_BUNDLE_IDENTIFIER = com.hlw.RedPacketRainUITests;
				PRODUCT_NAME = "$(TARGET_NAME)";
				TARGETED_DEVICE_FAMILY = "1,2";
				TEST_TARGET_NAME = RedPacketRain;
			};
			name = Release;
		};
/* End XCBuildConfiguration section */

/* Begin XCConfigurationList section */
		3EA61E7C21995E8B004E802F /* Build configuration list for PBXProject "RedPacketRain" */ = {
			isa = XCConfigurationList;
			buildConfigurations = (
				3EA61EAB21995E8B004E802F /* Debug */,
				3EA61EAC21995E8B004E802F /* Release */,
			);
			defaultConfigurationIsVisible = 0;
			defaultConfigurationName = Release;
		};
		3EA61EAD21995E8B004E802F /* Build configuration list for PBXNativeTarget "RedPacketRain" */ = {
			isa = XCConfigurationList;
			buildConfigurations = (
				3EA61EAE21995E8B004E802F /* Debug */,
				3EA61EAF21995E8B004E802F /* Release */,
			);
			defaultConfigurationIsVisible = 0;
			defaultConfigurationName = Release;
		};
		3EA61EB021995E8B004E802F /* Build configuration list for PBXNativeTarget "RedPacketRainTests" */ = {
			isa = XCConfigurationList;
			buildConfigurations = (
				3EA61EB121995E8B004E802F /* Debug */,
				3EA61EB221995E8B004E802F /* Release */,
			);
			defaultConfigurationIsVisible = 0;
			defaultConfigurationName = Release;
		};
		3EA61EB321995E8B004E802F /* Build configuration list for PBXNativeTarget "RedPacketRainUITests" */ = {
			isa = XCConfigurationList;
			buildConfigurations = (
				3EA61EB421995E8B004E802F /* Debug */,
				3EA61EB521995E8B004E802F /* Release */,
			);
			defaultConfigurationIsVisible = 0;
			defaultConfigurationName = Release;
		};
/* End XCConfigurationList section */
	};
	rootObject = 3EA61E7921995E8B004E802F /* Project object */;
}
